
Microsoft Visual Studio Solution File, Format Version 12.00
# Visual Studio Version 17
VisualStudioVersion = 17.14.36811.4 d17.14
MinimumVisualStudioVersion = 10.0.40219.1
Project("{FAE04EC0-301F-11D3-BF4B-00C04F79EFBC}") = "GameTimeGeneration", "GameTimeGeneration.csproj", "{F4CC3FE3-1A25-44E2-B0CC-69397F211B63}"
EndProject
Global
	GlobalSection(SolutionConfigurationPlatforms) = preSolution
		Debug|Any CPU = Debug|Any CPU
		Release|Any CPU = Release|Any CPU
	EndGlobalSection
	GlobalSection(ProjectConfigurationPlatforms) = postSolution
		{F4CC3FE3-1A25-44E2-B0CC-69397F211B63}.Debug|Any CPU.ActiveCfg = Debug|Any CPU
		{F4CC3FE3-1A25-44E2-B0CC-69397F211B63}.Debug|Any CPU.Build.0 = Debug|Any CPU
		{F4CC3FE3-1A25-44E2-B0CC-69397F211B63}.Release|Any CPU.ActiveCfg = Release|Any CPU
		{F4CC3FE3-1A25-44E2-B0CC-69397F211B63}.Release|Any CPU.Build.0 = Release|Any CPU
	EndGlobalSection
	GlobalSection(SolutionProperties) = preSolution
		HideSolutionNode = FALSE
	EndGlobalSection
	GlobalSection(ExtensibilityGlobals) = postSolution
		SolutionGuid = {7DF3FB2C-46AF-4D54-83A4-720491ACB787}
	EndGlobalSection
EndGlobal
